
Microsoft Visual Studio Solution File, Format Version 12.00
# Visual Studio Version 17
VisualStudioVersion = 17.7.34221.43
MinimumVisualStudioVersion = 10.0.40219.1
Project("{9A19103F-16F7-4668-BE54-9A1E7A4F7556}") = "APIMinima", "APIMinima\APIMinima.csproj", "{AC979895-A6EF-413F-B66C-EE857A43C654}"
EndProject
Project("{FAE04EC0-301F-11D3-BF4B-00C04F79EFBC}") = "TestesApiMinima", "TestesApiMinima\TestesApiMinima.csproj", "{B02B6DF4-0CE3-4E5F-9BC5-591A5DCACE5B}"
EndProject
Global
	GlobalSection(SolutionConfigurationPlatforms) = preSolution
		Debug|Any CPU = Debug|Any CPU
		Release|Any CPU = Release|Any CPU
	EndGlobalSection
	GlobalSection(ProjectConfigurationPlatforms) = postSolution
		{AC979895-A6EF-413F-B66C-EE857A43C654}.Debug|Any CPU.ActiveCfg = Debug|Any CPU
		{AC979895-A6EF-413F-B66C-EE857A43C654}.Debug|Any CPU.Build.0 = Debug|Any CPU
		{AC979895-A6EF-413F-B66C-EE857A43C654}.Release|Any CPU.ActiveCfg = Release|Any CPU
		{AC979895-A6EF-413F-B66C-EE857A43C654}.Release|Any CPU.Build.0 = Release|Any CPU
		{B02B6DF4-0CE3-4E5F-9BC5-591A5DCACE5B}.Debug|Any CPU.ActiveCfg = Debug|Any CPU
		{B02B6DF4-0CE3-4E5F-9BC5-591A5DCACE5B}.Debug|Any CPU.Build.0 = Debug|Any CPU
		{B02B6DF4-0CE3-4E5F-9BC5-591A5DCACE5B}.Release|Any CPU.ActiveCfg = Release|Any CPU
		{B02B6DF4-0CE3-4E5F-9BC5-591A5DCACE5B}.Release|Any CPU.Build.0 = Release|Any CPU
	EndGlobalSection
	GlobalSection(SolutionProperties) = preSolution
		HideSolutionNode = FALSE
	EndGlobalSection
	GlobalSection(ExtensibilityGlobals) = postSolution
		SolutionGuid = {6D3880E8-A784-4062-B86C-A94E0C4DBE47}
	EndGlobalSection
EndGlobal
